{
  "name": "ttbl",
  "lockfileVersion": 2,
  "requires": true,
  "packages": {
    "": {
      "dependencies": {
        "@picocss/pico": "^1.5.5"
      }
    },
    "node_modules/@picocss/pico": {
      "version": "1.5.5",
      "resolved": "https://registry.npmjs.org/@picocss/pico/-/pico-1.5.5.tgz",
      "integrity": "sha512-AQSMeeZrk+gAF3JLe0jaQRESGWD+kH2bGMPyuoTniOjxt2MlFnLW4q6Eog9QMelKTDGO6WR0tuTSk92SK9+Ctg=="
    }
  },
  "dependencies": {
    "@picocss/pico": {
      "version": "1.5.5",
      "resolved": "https://registry.npmjs.org/@picocss/pico/-/pico-1.5.5.tgz",
      "integrity": "sha512-AQSMeeZrk+gAF3JLe0jaQRESGWD+kH2bGMPyuoTniOjxt2MlFnLW4q6Eog9QMelKTDGO6WR0tuTSk92SK9+Ctg=="
    }
  }
}
